{
  "name": "telegram",
  "version": "1.0.0",
  "lockfileVersion": 1,
  "requires": true,
  "dependencies": {
    "@sindresorhus/is": {
      "version": "1.2.0",
      "resolved": "https://registry.npmjs.org/@sindresorhus/is/-/is-1.2.0.tgz",
      "integrity": "sha512-mwhXGkRV5dlvQc4EgPDxDxO6WuMBVymGFd1CA+2Y+z5dG9MNspoQ+AWjl/Ld1MnpCL8AKbosZlDVohqcIwuWsw=="
    },
    "@szmarczak/http-timer": {
      "version": "3.1.1",
      "resolved": "https://registry.npmjs.org/@szmarczak/http-timer/-/http-timer-3.1.1.tgz",
      "integrity": "sha512-F7vS53bV9NXT+mmYFeSBr2nXaOI1h6qxdlLDVP+4CPG/c60MMStT7aaqYD2TSNWob1DA3GH9ikFY0UW31bUsWA==",
      "requires": {
        "defer-to-connect": "^1.1.1"
      }
    },
    "@types/cacheable-request": {
      "version": "6.0.1",
      "resolved": "https://registry.npmjs.org/@types/cacheable-request/-/cacheable-request-6.0.1.tgz",
      "integrity": "sha512-ykFq2zmBGOCbpIXtoVbz4SKY5QriWPh3AjyU4G74RYbtt5yOc5OfaY75ftjg7mikMOla1CTGpX3lLbuJh8DTrQ==",
      "requires": {
        "@types/http-cache-semantics": "*",
        "@types/keyv": "*",
        "@types/node": "*",
        "@types/responselike": "*"
      }
    },
    "@types/http-cache-semantics": {
      "version": "4.0.0",
      "resolved": "https://registry.npmjs.org/@types/http-cache-semantics/-/http-cache-semantics-4.0.0.tgz",
      "integrity": "sha512-c3Xy026kOF7QOTn00hbIllV1dLR9hG9NkSrLQgCVs8NF6sBU+VGWjD3wLPhmh1TYAc7ugCFsvHYMN4VcBN1U1A=="
    },
    "@types/keyv": {
      "version": "3.1.1",
      "resolved": "https://registry.npmjs.org/@types/keyv/-/keyv-3.1.1.tgz",
      "integrity": "sha512-MPtoySlAZQ37VoLaPcTHCu1RWJ4llDkULYZIzOYxlhxBqYPB0RsRlmMU0R6tahtFe27mIdkHV+551ZWV4PLmVw==",
      "requires": {
        "@types/node": "*"
      }
    },
    "@types/node": {
      "version": "12.12.22",
      "resolved": "https://registry.npmjs.org/@types/node/-/node-12.12.22.tgz",
      "integrity": "sha512-r5i93jqbPWGXYXxianGATOxTelkp6ih/U0WVnvaqAvTqM+0U6J3kw6Xk6uq/dWNRkEVw/0SLcO5ORXbVNz4FMQ=="
    },
    "@types/responselike": {
      "version": "1.0.0",
      "resolved": "https://registry.npmjs.org/@types/responselike/-/responselike-1.0.0.tgz",
      "integrity": "sha512-85Y2BjiufFzaMIlvJDvTTB8Fxl2xfLo4HgmHzVBz08w4wDePCTjYw66PdrolO0kzli3yam/YCgRufyo1DdQVTA==",
      "requires": {
        "@types/node": "*"
      }
    },
    "cacheable-lookup": {
      "version": "0.2.1",
      "resolved": "https://registry.npm.taobao.org/cacheable-lookup/download/cacheable-lookup-0.2.1.tgz",
      "integrity": "sha1-9HSuLGhmZ9fqCMQ0Ca0xsrMbJsI=",
      "requires": {
        "keyv": "^3.1.0"
      }
    },
    "cacheable-request": {
      "version": "7.0.0",
      "resolved": "https://registry.npm.taobao.org/cacheable-request/download/cacheable-request-7.0.0.tgz",
      "integrity": "sha1-EkIaoITpQ+yB6sjJPlavkMYkeIo=",
      "requires": {
        "clone-response": "^1.0.2",
        "get-stream": "^5.1.0",
        "http-cache-semantics": "^4.0.0",
        "keyv": "^3.0.0",
        "lowercase-keys": "^2.0.0",
        "normalize-url": "^4.1.0",
        "responselike": "^2.0.0"
      }
    },
    "clone-response": {
      "version": "1.0.2",
      "resolved": "http://registry.npm.taobao.org/clone-response/download/clone-response-1.0.2.tgz",
      "integrity": "sha1-0dyXOSAxTfZ/vrlCI7TuNQI56Ws=",
      "requires": {
        "mimic-response": "^1.0.0"
      },
      "dependencies": {
        "mimic-response": {
          "version": "1.0.1",
          "resolved": "http://registry.npm.taobao.org/mimic-response/download/mimic-response-1.0.1.tgz",
          "integrity": "sha1-SSNTiHju9CBjy4o+OweYeBSHqxs="
        }
      }
    },
    "debug": {
      "version": "4.1.1",
      "resolved": "http://registry.npm.taobao.org/debug/download/debug-4.1.1.tgz",
      "integrity": "sha1-O3ImAlUQnGtYnO4FDx1RYTlmR5E=",
      "requires": {
        "ms": "^2.1.1"
      }
    },
    "decompress-response": {
      "version": "5.0.0",
      "resolved": "https://registry.npm.taobao.org/decompress-response/download/decompress-response-5.0.0.tgz?cache=0&sync_timestamp=1572616719270&other_urls=https%3A%2F%2Fregistry.npm.taobao.org%2Fdecompress-response%2Fdownload%2Fdecompress-response-5.0.0.tgz",
      "integrity": "sha1-eEk5boDj0euoyy9170kw92Rhyw8=",
      "requires": {
        "mimic-response": "^2.0.0"
      }
    },
    "defer-to-connect": {
      "version": "1.1.1",
      "resolved": "https://registry.npm.taobao.org/defer-to-connect/download/defer-to-connect-1.1.1.tgz",
      "integrity": "sha1-iK5pS5P2e4GBWiyMdprvZXSsjy8="
    },
    "duplexer3": {
      "version": "0.1.4",
      "resolved": "http://registry.npm.taobao.org/duplexer3/download/duplexer3-0.1.4.tgz",
      "integrity": "sha1-7gHdHKwO08vH/b6jfcCo8c4ALOI="
    },
    "end-of-stream": {
      "version": "1.4.4",
      "resolved": "https://registry.npm.taobao.org/end-of-stream/download/end-of-stream-1.4.4.tgz",
      "integrity": "sha1-WuZKX0UFe682JuwU2gyl5LJDHrA=",
      "requires": {
        "once": "^1.4.0"
      }
    },
    "get-stream": {
      "version": "5.1.0",
      "resolved": "http://registry.npm.taobao.org/get-stream/download/get-stream-5.1.0.tgz",
      "integrity": "sha1-ASA83JJZf5uQkGfD5lbMH008Tck=",
      "requires": {
        "pump": "^3.0.0"
      }
    },
    "got": {
      "version": "10.2.0",
      "resolved": "https://registry.npm.taobao.org/got/download/got-10.2.0.tgz",
      "integrity": "sha1-x9VOW0GIHlxklSpAE5hq8S26tH8=",
      "requires": {
        "@sindresorhus/is": "^1.0.0",
        "@szmarczak/http-timer": "^3.1.1",
        "@types/cacheable-request": "^6.0.1",
        "cacheable-lookup": "^0.2.1",
        "cacheable-request": "^7.0.0",
        "decompress-response": "^5.0.0",
        "duplexer3": "^0.1.4",
        "get-stream": "^5.0.0",
        "lowercase-keys": "^2.0.0",
        "mimic-response": "^2.0.0",
        "p-cancelable": "^2.0.0",
        "responselike": "^2.0.0",
        "to-readable-stream": "^2.0.0",
        "type-fest": "^0.8.0"
      }
    },
    "http-cache-semantics": {
      "version": "4.0.3",
      "resolved": "http://registry.npm.taobao.org/http-cache-semantics/download/http-cache-semantics-4.0.3.tgz",
      "integrity": "sha1-SVcEdzJ37u9uQ/mrLCx9JZ3aJcU="
    },
    "json-buffer": {
      "version": "3.0.0",
      "resolved": "http://registry.npm.taobao.org/json-buffer/download/json-buffer-3.0.0.tgz",
      "integrity": "sha1-Wx85evx11ne96Lz8Dkfh+aPZqJg="
    },
    "keyv": {
      "version": "3.1.0",
      "resolved": "https://registry.npm.taobao.org/keyv/download/keyv-3.1.0.tgz?cache=0&sync_timestamp=1573884297378&other_urls=https%3A%2F%2Fregistry.npm.taobao.org%2Fkeyv%2Fdownload%2Fkeyv-3.1.0.tgz",
      "integrity": "sha1-7MIoSG9pmR5J6UdkhaW+Ho/FxNk=",
      "requires": {
        "json-buffer": "3.0.0"
      }
    },
    "lowercase-keys": {
      "version": "2.0.0",
      "resolved": "https://registry.npm.taobao.org/lowercase-keys/download/lowercase-keys-2.0.0.tgz",
      "integrity": "sha1-JgPni3tLAAbLyi+8yKMgJVislHk="
    },
    "mimic-response": {
      "version": "2.0.0",
      "resolved": "http://registry.npm.taobao.org/mimic-response/download/mimic-response-2.0.0.tgz",
      "integrity": "sha1-mWpRxgrfEsuKh9f7jvJMLz1eu0Y="
    },
    "minimist": {
      "version": "1.2.0",
      "resolved": "http://registry.npm.taobao.org/minimist/download/minimist-1.2.0.tgz",
      "integrity": "sha1-o1AIsg9BOD7sH7kU9M1d95omQoQ="
    },
    "module-alias": {
      "version": "2.2.2",
      "resolved": "https://registry.npm.taobao.org/module-alias/download/module-alias-2.2.2.tgz",
      "integrity": "sha1-FRzc7MJOJXOf8KpuUeHFcWl0wOA="
    },
    "ms": {
      "version": "2.1.2",
      "resolved": "https://registry.npm.taobao.org/ms/download/ms-2.1.2.tgz?cache=0&other_urls=https%3A%2F%2Fregistry.npm.taobao.org%2Fms%2Fdownload%2Fms-2.1.2.tgz",
      "integrity": "sha1-0J0fNXtEP0kzgqjrPM0YOHKuYAk="
    },
    "node-fetch": {
      "version": "2.6.0",
      "resolved": "https://registry.npm.taobao.org/node-fetch/download/node-fetch-2.6.0.tgz",
      "integrity": "sha1-5jNFY4bUqlWGP2dqerDaqP3ssP0="
    },
    "normalize-url": {
      "version": "4.5.0",
      "resolved": "https://registry.npm.taobao.org/normalize-url/download/normalize-url-4.5.0.tgz",
      "integrity": "sha1-RTNUCH5sqWlXvY9br3U/WYIUISk="
    },
    "once": {
      "version": "1.4.0",
      "resolved": "http://registry.npm.taobao.org/once/download/once-1.4.0.tgz",
      "integrity": "sha1-WDsap3WWHUsROsF9nFC6753Xa9E=",
      "requires": {
        "wrappy": "1"
      }
    },
    "p-cancelable": {
      "version": "2.0.0",
      "resolved": "https://registry.npm.taobao.org/p-cancelable/download/p-cancelable-2.0.0.tgz",
      "integrity": "sha1-SjdA9b2vXtXXw+NIgsb7XWsmam4="
    },
    "pump": {
      "version": "3.0.0",
      "resolved": "http://registry.npm.taobao.org/pump/download/pump-3.0.0.tgz",
      "integrity": "sha1-tKIRaBW94vTh6mAjVOjHVWUQemQ=",
      "requires": {
        "end-of-stream": "^1.1.0",
        "once": "^1.3.1"
      }
    },
    "responselike": {
      "version": "2.0.0",
      "resolved": "https://registry.npm.taobao.org/responselike/download/responselike-2.0.0.tgz?cache=0&sync_timestamp=1570573217730&other_urls=https%3A%2F%2Fregistry.npm.taobao.org%2Fresponselike%2Fdownload%2Fresponselike-2.0.0.tgz",
      "integrity": "sha1-JjkbzDF091D5p56sxAoSpcQtdyM=",
      "requires": {
        "lowercase-keys": "^2.0.0"
      }
    },
    "sandwich-stream": {
      "version": "2.0.2",
      "resolved": "https://registry.npm.taobao.org/sandwich-stream/download/sandwich-stream-2.0.2.tgz",
      "integrity": "sha1-bR/rbPfp/p+ttBUTRZpywuhAAPo="
    },
    "telegraf": {
      "version": "3.34.1",
      "resolved": "https://registry.npm.taobao.org/telegraf/download/telegraf-3.34.1.tgz",
      "integrity": "sha1-aQBkl/jqS63XJBZK6RPO9kNyZxk=",
      "requires": {
        "@types/node": "^12.0.4",
        "debug": "^4.0.1",
        "minimist": "^1.2.0",
        "module-alias": "^2.2.2",
        "node-fetch": "^2.2.0",
        "sandwich-stream": "^2.0.1",
        "telegram-typings": "^3.6.0"
      }
    },
    "telegram-typings": {
      "version": "3.6.1",
      "resolved": "https://registry.npm.taobao.org/telegram-typings/download/telegram-typings-3.6.1.tgz",
      "integrity": "sha1-EojVR/hpS2HxwBwpk+KV8xFNniU="
    },
    "to-readable-stream": {
      "version": "2.1.0",
      "resolved": "https://registry.npm.taobao.org/to-readable-stream/download/to-readable-stream-2.1.0.tgz",
      "integrity": "sha1-gogDFhIb6mYs3CJq2zCt21DLBug="
    },
    "type-fest": {
      "version": "0.8.1",
      "resolved": "https://registry.npm.taobao.org/type-fest/download/type-fest-0.8.1.tgz?cache=0&sync_timestamp=1569431852432&other_urls=https%3A%2F%2Fregistry.npm.taobao.org%2Ftype-fest%2Fdownload%2Ftype-fest-0.8.1.tgz",
      "integrity": "sha1-CeJJ696FHTseSNJ8EFREZn8XuD0="
    },
    "wrappy": {
      "version": "1.0.2",
      "resolved": "http://registry.npm.taobao.org/wrappy/download/wrappy-1.0.2.tgz",
      "integrity": "sha1-tSQ9jz7BqjXxNkYFvA0QNuMKtp8="
    }
  }
}
